// !$*UTF8*$!
{
	archiveVersion = 1;
	classes = {
	};
	objectVersion = 55;
	objects = {

/* Begin PBXBuildFile section */
		BFFDD3DE27CCEFF200A66A20 /* AppDelegate.swift in Sources */ = {isa = PBXBuildFile; fileRef = BFFDD3DD27CCEFF200A66A20 /* AppDelegate.swift */; };
		BFFDD3E027CCEFF200A66A20 /* SceneDelegate.swift in Sources */ = {isa = PBXBuildFile; fileRef = BFFDD3DF27CCEFF200A66A20 /* SceneDelegate.swift */; };
		BFFDD3E227CCEFF200A66A20 /* ViewController.swift in Sources */ = {isa = PBXBuildFile; fileRef = BFFDD3E127CCEFF200A66A20 /* ViewController.swift */; };
		BFFDD3E527CCEFF200A66A20 /* Main.storyboard in Resources */ = {isa = PBXBuildFile; fileRef = BFFDD3E327CCEFF200A66A20 /* Main.storyboard */; };
		BFFDD3E727CCEFF500A66A20 /* Assets.xcassets in Resources */ = {isa = PBXBuildFile; fileRef = BFFDD3E627CCEFF500A66A20 /* Assets.xcassets */; };
		BFFDD3EA27CCEFF500A66A20 /* LaunchScreen.storyboard in Resources */ = {isa = PBXBuildFile; fileRef = BFFDD3E827CCEFF500A66A20 /* LaunchScreen.storyboard */; };
		BFFDD3F527CCEFF500A66A20 /* Flix1Tests.swift in Sources */ = {isa = PBXBuildFile; fileRef = BFFDD3F427CCEFF500A66A20 /* Flix1Tests.swift */; };
		BFFDD3FF27CCEFF500A66A20 /* Flix1UITests.swift in Sources */ = {isa = PBXBuildFile; fileRef = BFFDD3FE27CCEFF500A66A20 /* Flix1UITests.swift */; };
		BFFDD40127CCEFF500A66A20 /* Flix1UITestsLaunchTests.swift in Sources */ = {isa = PBXBuildFile; fileRef = BFFDD40027CCEFF500A66A20 /* Flix1UITestsLaunchTests.swift */; };
		BFFDD41227CD560200A66A20 /* MovieCell.swift in Sources */ = {isa = PBXBuildFile; fileRef = BFFDD41127CD560200A66A20 /* MovieCell.swift */; };
		BFFDD41527CD913A00A66A20 /* AlamofireImage in Frameworks */ = {isa = PBXBuildFile; productRef = BFFDD41427CD913A00A66A20 /* AlamofireImage */; };
		BFFDD41927CDD52D00A66A20 /* MovieViewController.swift in Sources */ = {isa = PBXBuildFile; fileRef = BFFDD41827CDD52D00A66A20 /* MovieViewController.swift */; };
/* End PBXBuildFile section */

/* Begin PBXContainerItemProxy section */
		BFFDD3F127CCEFF500A66A20 /* PBXContainerItemProxy */ = {
			isa = PBXContainerItemProxy;
			containerPortal = BFFDD3D227CCEFF200A66A20 /* Project object */;
			proxyType = 1;
			remoteGlobalIDString = BFFDD3D927CCEFF200A66A20;
			remoteInfo = Flix1;
		};
		BFFDD3FB27CCEFF500A66A20 /* PBXContainerItemProxy */ = {
			isa = PBXContainerItemProxy;
			containerPortal = BFFDD3D227CCEFF200A66A20 /* Project object */;
			proxyType = 1;
			remoteGlobalIDString = BFFDD3D927CCEFF200A66A20;
			remoteInfo = Flix1;
		};
/* End PBXContainerItemProxy section */

/* Begin PBXFileReference section */
		BFFDD3DA27CCEFF200A66A20 /* Flix1.app */ = {isa = PBXFileReference; explicitFileType = wrapper.application; includeInIndex = 0; path = Flix1.app; sourceTree = BUILT_PRODUCTS_DIR; };
		BFFDD3DD27CCEFF200A66A20 /* AppDelegate.swift */ = {isa = PBXFileReference; lastKnownFileType = sourcecode.swift; path = AppDelegate.swift; sourceTree = "<group>"; };
		BFFDD3DF27CCEFF200A66A20 /* SceneDelegate.swift */ = {isa = PBXFileReference; lastKnownFileType = sourcecode.swift; path = SceneDelegate.swift; sourceTree = "<group>"; };
		BFFDD3E127CCEFF200A66A20 /* ViewController.swift */ = {isa = PBXFileReference; lastKnownFileType = sourcecode.swift; path = ViewController.swift; sourceTree = "<group>"; };
		BFFDD3E427CCEFF200A66A20 /* Base */ = {isa = PBXFileReference; lastKnownFileType = file.storyboard; name = Base; path = Base.lproj/Main.storyboard; sourceTree = "<group>"; };
		BFFDD3E627CCEFF500A66A20 /* Assets.xcassets */ = {isa = PBXFileReference; lastKnownFileType = folder.assetcatalog; path = Assets.xcassets; sourceTree = "<group>"; };
		BFFDD3E927CCEFF500A66A20 /* Base */ = {isa = PBXFileReference; lastKnownFileType = file.storyboard; name = Base; path = Base.lproj/LaunchScreen.storyboard; sourceTree = "<group>"; };
		BFFDD3EB27CCEFF500A66A20 /* Info.plist */ = {isa = PBXFileReference; lastKnownFileType = text.plist.xml; path = Info.plist; sourceTree = "<group>"; };
		BFFDD3F027CCEFF500A66A20 /* Flix1Tests.xctest */ = {isa = PBXFileReference; explicitFileType = wrapper.cfbundle; includeInIndex = 0; path = Flix1Tests.xctest; sourceTree = BUILT_PRODUCTS_DIR; };
		BFFDD3F427CCEFF500A66A20 /* Flix1Tests.swift */ = {isa = PBXFileReference; lastKnownFileType = sourcecode.swift; path = Flix1Tests.swift; sourceTree = "<group>"; };
		BFFDD3FA27CCEFF500A66A20 /* Flix1UITests.xctest */ = {isa = PBXFileReference; explicitFileType = wrapper.cfbundle; includeInIndex = 0; path = Flix1UITests.xctest; sourceTree = BUILT_PRODUCTS_DIR; };
		BFFDD3FE27CCEFF500A66A20 /* Flix1UITests.swift */ = {isa = PBXFileReference; lastKnownFileType = sourcecode.swift; path = Flix1UITests.swift; sourceTree = "<group>"; };
		BFFDD40027CCEFF500A66A20 /* Flix1UITestsLaunchTests.swift */ = {isa = PBXFileReference; lastKnownFileType = sourcecode.swift; path = Flix1UITestsLaunchTests.swift; sourceTree = "<group>"; };
		BFFDD41127CD560200A66A20 /* MovieCell.swift */ = {isa = PBXFileReference; lastKnownFileType = sourcecode.swift; path = MovieCell.swift; sourceTree = "<group>"; };
		BFFDD41827CDD52D00A66A20 /* MovieViewController.swift */ = {isa = PBXFileReference; lastKnownFileType = sourcecode.swift; path = MovieViewController.swift; sourceTree = "<group>"; };
/* End PBXFileReference section */

/* Begin PBXFrameworksBuildPhase section */
		BFFDD3D727CCEFF200A66A20 /* Frameworks */ = {
			isa = PBXFrameworksBuildPhase;
			buildActionMask = 2147483647;
			files = (
				BFFDD41527CD913A00A66A20 /* AlamofireImage in Frameworks */,
			);
			runOnlyForDeploymentPostprocessing = 0;
		};
		BFFDD3ED27CCEFF500A66A20 /* Frameworks */ = {
			isa = PBXFrameworksBuildPhase;
			buildActionMask = 2147483647;
			files = (
			);
			runOnlyForDeploymentPostprocessing = 0;
		};
		BFFDD3F727CCEFF500A66A20 /* Frameworks */ = {
			isa = PBXFrameworksBuildPhase;
			buildActionMask = 2147483647;
			files = (
			);
			runOnlyForDeploymentPostprocessing = 0;
		};
/* End PBXFrameworksBuildPhase section */

/* Begin PBXGroup section */
		BFFDD3D127CCEFF200A66A20 = {
			isa = PBXGroup;
			children = (
				BFFDD3DC27CCEFF200A66A20 /* Flix1 */,
				BFFDD3F327CCEFF500A66A20 /* Flix1Tests */,
				BFFDD3FD27CCEFF500A66A20 /* Flix1UITests */,
				BFFDD3DB27CCEFF200A66A20 /* Products */,
			);
			sourceTree = "<group>";
		};
		BFFDD3DB27CCEFF200A66A20 /* Products */ = {
			isa = PBXGroup;
			children = (
				BFFDD3DA27CCEFF200A66A20 /* Flix1.app */,
				BFFDD3F027CCEFF500A66A20 /* Flix1Tests.xctest */,
				BFFDD3FA27CCEFF500A66A20 /* Flix1UITests.xctest */,
			);
			name = Products;
			sourceTree = "<group>";
		};
		BFFDD3DC27CCEFF200A66A20 /* Flix1 */ = {
			isa = PBXGroup;
			children = (
				BFFDD3DD27CCEFF200A66A20 /* AppDelegate.swift */,
				BFFDD3DF27CCEFF200A66A20 /* SceneDelegate.swift */,
				BFFDD3E127CCEFF200A66A20 /* ViewController.swift */,
				BFFDD3E327CCEFF200A66A20 /* Main.storyboard */,
				BFFDD3E627CCEFF500A66A20 /* Assets.xcassets */,
				BFFDD3E827CCEFF500A66A20 /* LaunchScreen.storyboard */,
				BFFDD3EB27CCEFF500A66A20 /* Info.plist */,
				BFFDD41127CD560200A66A20 /* MovieCell.swift */,
				BFFDD41827CDD52D00A66A20 /* MovieViewController.swift */,
			);
			path = Flix1;
			sourceTree = "<group>";
		};
		BFFDD3F327CCEFF500A66A20 /* Flix1Tests */ = {
			isa = PBXGroup;
			children = (
				BFFDD3F427CCEFF500A66A20 /* Flix1Tests.swift */,
			);
			path = Flix1Tests;
			sourceTree = "<group>";
		};
		BFFDD3FD27CCEFF500A66A20 /* Flix1UITests */ = {
			isa = PBXGroup;
			children = (
				BFFDD3FE27CCEFF500A66A20 /* Flix1UITests.swift */,
				BFFDD40027CCEFF500A66A20 /* Flix1UITestsLaunchTests.swift */,
			);
			path = Flix1UITests;
			sourceTree = "<group>";
		};
/* End PBXGroup section */

/* Begin PBXNativeTarget section */
		BFFDD3D927CCEFF200A66A20 /* Flix1 */ = {
			isa = PBXNativeTarget;
			buildConfigurationList = BFFDD40427CCEFF500A66A20 /* Build configuration list for PBXNativeTarget "Flix1" */;
			buildPhases = (
				BFFDD3D627CCEFF200A66A20 /* Sources */,
				BFFDD3D727CCEFF200A66A20 /* Frameworks */,
				BFFDD3D827CCEFF200A66A20 /* Resources */,
			);
			buildRules = (
			);
			dependencies = (
			);
			name = Flix1;
			packageProductDependencies = (
				BFFDD41427CD913A00A66A20 /* AlamofireImage */,
			);
			productName = Flix1;
			productReference = BFFDD3DA27CCEFF200A66A20 /* Flix1.app */;
			productType = "com.apple.product-type.application";
		};
		BFFDD3EF27CCEFF500A66A20 /* Flix1Tests */ = {
			isa = PBXNativeTarget;
			buildConfigurationList = BFFDD40727CCEFF500A66A20 /* Build configuration list for PBXNativeTarget "Flix1Tests" */;
			buildPhases = (
				BFFDD3EC27CCEFF500A66A20 /* Sources */,
				BFFDD3ED27CCEFF500A66A20 /* Frameworks */,
				BFFDD3EE27CCEFF500A66A20 /* Resources */,
			);
			buildRules = (
			);
			dependencies = (
				BFFDD3F227CCEFF500A66A20 /* PBXTargetDependency */,
			);
			name = Flix1Tests;
			productName = Flix1Tests;
			productReference = BFFDD3F027CCEFF500A66A20 /* Flix1Tests.xctest */;
			productType = "com.apple.product-type.bundle.unit-test";
		};
		BFFDD3F927CCEFF500A66A20 /* Flix1UITests */ = {
			isa = PBXNativeTarget;
			buildConfigurationList = BFFDD40A27CCEFF500A66A20 /* Build configuration list for PBXNativeTarget "Flix1UITests" */;
			buildPhases = (
				BFFDD3F627CCEFF500A66A20 /* Sources */,
				BFFDD3F727CCEFF500A66A20 /* Frameworks */,
				BFFDD3F827CCEFF500A66A20 /* Resources */,
			);
			buildRules = (
			);
			dependencies = (
				BFFDD3FC27CCEFF500A66A20 /* PBXTargetDependency */,
			);
			name = Flix1UITests;
			productName = Flix1UITests;
			productReference = BFFDD3FA27CCEFF500A66A20 /* Flix1UITests.xctest */;
			productType = "com.apple.product-type.bundle.ui-testing";
		};
/* End PBXNativeTarget section */

/* Begin PBXProject section */
		BFFDD3D227CCEFF200A66A20 /* Project object */ = {
			isa = PBXProject;
			attributes = {
				BuildIndependentTargetsInParallel = 1;
				LastSwiftUpdateCheck = 1320;
				LastUpgradeCheck = 1320;
				TargetAttributes = {
					BFFDD3D927CCEFF200A66A20 = {
						CreatedOnToolsVersion = 13.2.1;
					};
					BFFDD3EF27CCEFF500A66A20 = {
						CreatedOnToolsVersion = 13.2.1;
						TestTargetID = BFFDD3D927CCEFF200A66A20;
					};
					BFFDD3F927CCEFF500A66A20 = {
						CreatedOnToolsVersion = 13.2.1;
						TestTargetID = BFFDD3D927CCEFF200A66A20;
					};
				};
			};
			buildConfigurationList = BFFDD3D527CCEFF200A66A20 /* Build configuration list for PBXProject "Flix1" */;
			compatibilityVersion = "Xcode 13.0";
			developmentRegion = en;
			hasScannedForEncodings = 0;
			knownRegions = (
				en,
				Base,
			);
			mainGroup = BFFDD3D127CCEFF200A66A20;
			packageReferences = (
				BFFDD41327CD913A00A66A20 /* XCRemoteSwiftPackageReference "AlamofireImage" */,
			);
			productRefGroup = BFFDD3DB27CCEFF200A66A20 /* Products */;
			projectDirPath = "";
			projectRoot = "";
			targets = (
				BFFDD3D927CCEFF200A66A20 /* Flix1 */,
				BFFDD3EF27CCEFF500A66A20 /* Flix1Tests */,
				BFFDD3F927CCEFF500A66A20 /* Flix1UITests */,
			);
		};
/* End PBXProject section */

/* Begin PBXResourcesBuildPhase section */
		BFFDD3D827CCEFF200A66A20 /* Resources */ = {
			isa = PBXResourcesBuildPhase;
			buildActionMask = 2147483647;
			files = (
				BFFDD3EA27CCEFF500A66A20 /* LaunchScreen.storyboard in Resources */,
				BFFDD3E727CCEFF500A66A20 /* Assets.xcassets in Resources */,
				BFFDD3E527CCEFF200A66A20 /* Main.storyboard in Resources */,
			);
			runOnlyForDeploymentPostprocessing = 0;
		};
		BFFDD3EE27CCEFF500A66A20 /* Resources */ = {
			isa = PBXResourcesBuildPhase;
			buildActionMask = 2147483647;
			files = (
			);
			runOnlyForDeploymentPostprocessing = 0;
		};
		BFFDD3F827CCEFF500A66A20 /* Resources */ = {
			isa = PBXResourcesBuildPhase;
			buildActionMask = 2147483647;
			files = (
			);
			runOnlyForDeploymentPostprocessing = 0;
		};
/* End PBXResourcesBuildPhase section */

/* Begin PBXSourcesBuildPhase section */
		BFFDD3D627CCEFF200A66A20 /* Sources */ = {
			isa = PBXSourcesBuildPhase;
			buildActionMask = 2147483647;
			files = (
				BFFDD3E227CCEFF200A66A20 /* ViewController.swift in Sources */,
				BFFDD41927CDD52D00A66A20 /* MovieViewController.swift in Sources */,
				BFFDD3DE27CCEFF200A66A20 /* AppDelegate.swift in Sources */,
				BFFDD3E027CCEFF200A66A20 /* SceneDelegate.swift in Sources */,
				BFFDD41227CD560200A66A20 /* MovieCell.swift in Sources */,
			);
			runOnlyForDeploymentPostprocessing = 0;
		};
		BFFDD3EC27CCEFF500A66A20 /* Sources */ = {
			isa = PBXSourcesBuildPhase;
			buildActionMask = 2147483647;
			files = (
				BFFDD3F527CCEFF500A66A20 /* Flix1Tests.swift in Sources */,
			);
			runOnlyForDeploymentPostprocessing = 0;
		};
		BFFDD3F627CCEFF500A66A20 /* Sources */ = {
			isa = PBXSourcesBuildPhase;
			buildActionMask = 2147483647;
			files = (
				BFFDD3FF27CCEFF500A66A20 /* Flix1UITests.swift in Sources */,
				BFFDD40127CCEFF500A66A20 /* Flix1UITestsLaunchTests.swift in Sources */,
			);
			runOnlyForDeploymentPostprocessing = 0;
		};
/* End PBXSourcesBuildPhase section */

/* Begin PBXTargetDependency section */
		BFFDD3F227CCEFF500A66A20 /* PBXTargetDependency */ = {
			isa = PBXTargetDependency;
			target = BFFDD3D927CCEFF200A66A20 /* Flix1 */;
			targetProxy = BFFDD3F127CCEFF500A66A20 /* PBXContainerItemProxy */;
		};
		BFFDD3FC27CCEFF500A66A20 /* PBXTargetDependency */ = {
			isa = PBXTargetDependency;
			target = BFFDD3D927CCEFF200A66A20 /* Flix1 */;
			targetProxy = BFFDD3FB27CCEFF500A66A20 /* PBXContainerItemProxy */;
		};
/* End PBXTargetDependency section */

/* Begin PBXVariantGroup section */
		BFFDD3E327CCEFF200A66A20 /* Main.storyboard */ = {
			isa = PBXVariantGroup;
			children = (
				BFFDD3E427CCEFF200A66A20 /* Base */,
			);
			name = Main.storyboard;
			sourceTree = "<group>";
		};
		BFFDD3E827CCEFF500A66A20 /* LaunchScreen.storyboard */ = {
			isa = PBXVariantGroup;
			children = (
				BFFDD3E927CCEFF500A66A20 /* Base */,
			);
			name = LaunchScreen.storyboard;
			sourceTree = "<group>";
		};
/* End PBXVariantGroup section */

/* Begin XCBuildConfiguration section */
		BFFDD40227CCEFF500A66A20 /* Debug */ = {
			isa = XCBuildConfiguration;
			buildSettings = {
				ALWAYS_SEARCH_USER_PATHS = NO;
				CLANG_ANALYZER_NONNULL = YES;
				CLANG_ANALYZER_NUMBER_OBJECT_CONVERSION = YES_AGGRESSIVE;
				CLANG_CXX_LANGUAGE_STANDARD = "gnu++17";
				CLANG_CXX_LIBRARY = "libc++";
				CLANG_ENABLE_MODULES = YES;
				CLANG_ENABLE_OBJC_ARC = YES;
				CLANG_ENABLE_OBJC_WEAK = YES;
				CLANG_WARN_BLOCK_CAPTURE_AUTORELEASING = YES;
				CLANG_WARN_BOOL_CONVERSION = YES;
				CLANG_WARN_COMMA = YES;
				CLANG_WARN_CONSTANT_CONVERSION = YES;
				CLANG_WARN_DEPRECATED_OBJC_IMPLEMENTATIONS = YES;
				CLANG_WARN_DIRECT_OBJC_ISA_USAGE = YES_ERROR;
				CLANG_WARN_DOCUMENTATION_COMMENTS = YES;
				CLANG_WARN_EMPTY_BODY = YES;
				CLANG_WARN_ENUM_CONVERSION = YES;
				CLANG_WARN_INFINITE_RECURSION = YES;
				CLANG_WARN_INT_CONVERSION = YES;
				CLANG_WARN_NON_LITERAL_NULL_CONVERSION = YES;
				CLANG_WARN_OBJC_IMPLICIT_RETAIN_SELF = YES;
				CLANG_WARN_OBJC_LITERAL_CONVERSION = YES;
				CLANG_WARN_OBJC_ROOT_CLASS = YES_ERROR;
				CLANG_WARN_QUOTED_INCLUDE_IN_FRAMEWORK_HEADER = YES;
				CLANG_WARN_RANGE_LOOP_ANALYSIS = YES;
				CLANG_WARN_STRICT_PROTOTYPES = YES;
				CLANG_WARN_SUSPICIOUS_MOVE = YES;
				CLANG_WARN_UNGUARDED_AVAILABILITY = YES_AGGRESSIVE;
				CLANG_WARN_UNREACHABLE_CODE = YES;
				CLANG_WARN__DUPLICATE_METHOD_MATCH = YES;
				COPY_PHASE_STRIP = NO;
				DEBUG_INFORMATION_FORMAT = dwarf;
				ENABLE_STRICT_OBJC_MSGSEND = YES;
				ENABLE_TESTABILITY = YES;
				GCC_C_LANGUAGE_STANDARD = gnu11;
				GCC_DYNAMIC_NO_PIC = NO;
				GCC_NO_COMMON_BLOCKS = YES;
				GCC_OPTIMIZATION_LEVEL = 0;
				GCC_PREPROCESSOR_DEFINITIONS = (
					"DEBUG=1",
					"$(inherited)",
				);
				GCC_WARN_64_TO_32_BIT_CONVERSION = YES;
				GCC_WARN_ABOUT_RETURN_TYPE = YES_ERROR;
				GCC_WARN_UNDECLARED_SELECTOR = YES;
				GCC_WARN_UNINITIALIZED_AUTOS = YES_AGGRESSIVE;
				GCC_WARN_UNUSED_FUNCTION = YES;
				GCC_WARN_UNUSED_VARIABLE = YES;
				IPHONEOS_DEPLOYMENT_TARGET = 15.2;
				MTL_ENABLE_DEBUG_INFO = INCLUDE_SOURCE;
				MTL_FAST_MATH = YES;
				ONLY_ACTIVE_ARCH = YES;
				SDKROOT = iphoneos;
				SWIFT_ACTIVE_COMPILATION_CONDITIONS = DEBUG;
				SWIFT_OPTIMIZATION_LEVEL = "-Onone";
			};
			name = Debug;
		};
		BFFDD40327CCEFF500A66A20 /* Release */ = {
			isa = XCBuildConfiguration;
			buildSettings = {
				ALWAYS_SEARCH_USER_PATHS = NO;
				CLANG_ANALYZER_NONNULL = YES;
				CLANG_ANALYZER_NUMBER_OBJECT_CONVERSION = YES_AGGRESSIVE;
				CLANG_CXX_LANGUAGE_STANDARD = "gnu++17";
				CLANG_CXX_LIBRARY = "libc++";
				CLANG_ENABLE_MODULES = YES;
				CLANG_ENABLE_OBJC_ARC = YES;
				CLANG_ENABLE_OBJC_WEAK = YES;
				CLANG_WARN_BLOCK_CAPTURE_AUTORELEASING = YES;
				CLANG_WARN_BOOL_CONVERSION = YES;
				CLANG_WARN_COMMA = YES;
				CLANG_WARN_CONSTANT_CONVERSION = YES;
				CLANG_WARN_DEPRECATED_OBJC_IMPLEMENTATIONS = YES;
				CLANG_WARN_DIRECT_OBJC_ISA_USAGE = YES_ERROR;
				CLANG_WARN_DOCUMENTATION_COMMENTS = YES;
				CLANG_WARN_EMPTY_BODY = YES;
				CLANG_WARN_ENUM_CONVERSION = YES;
				CLANG_WARN_INFINITE_RECURSION = YES;
				CLANG_WARN_INT_CONVERSION = YES;
				CLANG_WARN_NON_LITERAL_NULL_CONVERSION = YES;
				CLANG_WARN_OBJC_IMPLICIT_RETAIN_SELF = YES;
				CLANG_WARN_OBJC_LITERAL_CONVERSION = YES;
				CLANG_WARN_OBJC_ROOT_CLASS = YES_ERROR;
				CLANG_WARN_QUOTED_INCLUDE_IN_FRAMEWORK_HEADER = YES;
				CLANG_WARN_RANGE_LOOP_ANALYSIS = YES;
				CLANG_WARN_STRICT_PROTOTYPES = YES;
				CLANG_WARN_SUSPICIOUS_MOVE = YES;
				CLANG_WARN_UNGUARDED_AVAILABILITY = YES_AGGRESSIVE;
				CLANG_WARN_UNREACHABLE_CODE = YES;
				CLANG_WARN__DUPLICATE_METHOD_MATCH = YES;
				COPY_PHASE_STRIP = NO;
				DEBUG_INFORMATION_FORMAT = "dwarf-with-dsym";
				ENABLE_NS_ASSERTIONS = NO;
				ENABLE_STRICT_OBJC_MSGSEND = YES;
				GCC_C_LANGUAGE_STANDARD = gnu11;
				GCC_NO_COMMON_BLOCKS = YES;
				GCC_WARN_64_TO_32_BIT_CONVERSION = YES;
				GCC_WARN_ABOUT_RETURN_TYPE = YES_ERROR;
				GCC_WARN_UNDECLARED_SELECTOR = YES;
				GCC_WARN_UNINITIALIZED_AUTOS = YES_AGGRESSIVE;
				GCC_WARN_UNUSED_FUNCTION = YES;
				GCC_WARN_UNUSED_VARIABLE = YES;
				IPHONEOS_DEPLOYMENT_TARGET = 15.2;
				MTL_ENABLE_DEBUG_INFO = NO;
				MTL_FAST_MATH = YES;
				SDKROOT = iphoneos;
				SWIFT_COMPILATION_MODE = wholemodule;
				SWIFT_OPTIMIZATION_LEVEL = "-O";
				VALIDATE_PRODUCT = YES;
			};
			name = Release;
		};
		BFFDD40527CCEFF500A66A20 /* Debug */ = {
			isa = XCBuildConfiguration;
			buildSettings = {
				ASSETCATALOG_COMPILER_APPICON_NAME = AppIcon;
				ASSETCATALOG_COMPILER_GLOBAL_ACCENT_COLOR_NAME = AccentColor;
				CODE_SIGN_STYLE = Automatic;
				CURRENT_PROJECT_VERSION = 1;
				DEVELOPMENT_TEAM = B27JB66XY2;
				GENERATE_INFOPLIST_FILE = YES;
				INFOPLIST_FILE = Flix1/Info.plist;
				INFOPLIST_KEY_UIApplicationSupportsIndirectInputEvents = YES;
				INFOPLIST_KEY_UILaunchStoryboardName = LaunchScreen;
				INFOPLIST_KEY_UIMainStoryboardFile = Main;
				INFOPLIST_KEY_UISupportedInterfaceOrientations_iPad = "UIInterfaceOrientationPortrait UIInterfaceOrientationPortraitUpsideDown UIInterfaceOrientationLandscapeLeft UIInterfaceOrientationLandscapeRight";
				INFOPLIST_KEY_UISupportedInterfaceOrientations_iPhone = "UIInterfaceOrientationPortrait UIInterfaceOrientationLandscapeLeft UIInterfaceOrientationLandscapeRight";
				LD_RUNPATH_SEARCH_PATHS = (
					"$(inherited)",
					"@executable_path/Frameworks",
				);
				MARKETING_VERSION = 1.0;
				PRODUCT_BUNDLE_IDENTIFIER = com.clements.Flix1;
				PRODUCT_NAME = "$(TARGET_NAME)";
				SWIFT_EMIT_LOC_STRINGS = YES;
				SWIFT_VERSION = 5.0;
				TARGETED_DEVICE_FAMILY = "1,2";
			};
			name = Debug;
		};
		BFFDD40627CCEFF500A66A20 /* Release */ = {
			isa = XCBuildConfiguration;
			buildSettings = {
				ASSETCATALOG_COMPILER_APPICON_NAME = AppIcon;
				ASSETCATALOG_COMPILER_GLOBAL_ACCENT_COLOR_NAME = AccentColor;
				CODE_SIGN_STYLE = Automatic;
				CURRENT_PROJECT_VERSION = 1;
				DEVELOPMENT_TEAM = B27JB66XY2;
				GENERATE_INFOPLIST_FILE = YES;
				INFOPLIST_FILE = Flix1/Info.plist;
				INFOPLIST_KEY_UIApplicationSupportsIndirectInputEvents = YES;
				INFOPLIST_KEY_UILaunchStoryboardName = LaunchScreen;
				INFOPLIST_KEY_UIMainStoryboardFile = Main;
				INFOPLIST_KEY_UISupportedInterfaceOrientations_iPad = "UIInterfaceOrientationPortrait UIInterfaceOrientationPortraitUpsideDown UIInterfaceOrientationLandscapeLeft UIInterfaceOrientationLandscapeRight";
				INFOPLIST_KEY_UISupportedInterfaceOrientations_iPhone = "UIInterfaceOrientationPortrait UIInterfaceOrientationLandscapeLeft UIInterfaceOrientationLandscapeRight";
				LD_RUNPATH_SEARCH_PATHS = (
					"$(inherited)",
					"@executable_path/Frameworks",
				);
				MARKETING_VERSION = 1.0;
				PRODUCT_BUNDLE_IDENTIFIER = com.clements.Flix1;
				PRODUCT_NAME = "$(TARGET_NAME)";
				SWIFT_EMIT_LOC_STRINGS = YES;
				SWIFT_VERSION = 5.0;
				TARGETED_DEVICE_FAMILY = "1,2";
			};
			name = Release;
		};
		BFFDD40827CCEFF500A66A20 /* Debug */ = {
			isa = XCBuildConfiguration;
			buildSettings = {
				ALWAYS_EMBED_SWIFT_STANDARD_LIBRARIES = YES;
				BUNDLE_LOADER = "$(TEST_HOST)";
				CODE_SIGN_STYLE = Automatic;
				CURRENT_PROJECT_VERSION = 1;
				DEVELOPMENT_TEAM = B27JB66XY2;
				GENERATE_INFOPLIST_FILE = YES;
				IPHONEOS_DEPLOYMENT_TARGET = 15.2;
				MARKETING_VERSION = 1.0;
				PRODUCT_BUNDLE_IDENTIFIER = com.clements.Flix1Tests;
				PRODUCT_NAME = "$(TARGET_NAME)";
				SWIFT_EMIT_LOC_STRINGS = NO;
				SWIFT_VERSION = 5.0;
				TARGETED_DEVICE_FAMILY = "1,2";
				TEST_HOST = "$(BUILT_PRODUCTS_DIR)/Flix1.app/Flix1";
			};
			name = Debug;
		};
		BFFDD40927CCEFF500A66A20 /* Release */ = {
			isa = XCBuildConfiguration;
			buildSettings = {
				ALWAYS_EMBED_SWIFT_STANDARD_LIBRARIES = YES;
				BUNDLE_LOADER = "$(TEST_HOST)";
				CODE_SIGN_STYLE = Automatic;
				CURRENT_PROJECT_VERSION = 1;
				DEVELOPMENT_TEAM = B27JB66XY2;
				GENERATE_INFOPLIST_FILE = YES;
				IPHONEOS_DEPLOYMENT_TARGET = 15.2;
				MARKETING_VERSION = 1.0;
				PRODUCT_BUNDLE_IDENTIFIER = com.clements.Flix1Tests;
				PRODUCT_NAME = "$(TARGET_NAME)";
				SWIFT_EMIT_LOC_STRINGS = NO;
				SWIFT_VERSION = 5.0;
				TARGETED_DEVICE_FAMILY = "1,2";
				TEST_HOST = "$(BUILT_PRODUCTS_DIR)/Flix1.app/Flix1";
			};
			name = Release;
		};
		BFFDD40B27CCEFF500A66A20 /* Debug */ = {
			isa = XCBuildConfiguration;
			buildSettings = {
				ALWAYS_EMBED_SWIFT_STANDARD_LIBRARIES = YES;
				CODE_SIGN_STYLE = Automatic;
				CURRENT_PROJECT_VERSION = 1;
				DEVELOPMENT_TEAM = B27JB66XY2;
				GENERATE_INFOPLIST_FILE = YES;
				MARKETING_VERSION = 1.0;
				PRODUCT_BUNDLE_IDENTIFIER = com.clements.Flix1UITests;
				PRODUCT_NAME = "$(TARGET_NAME)";
				SWIFT_EMIT_LOC_STRINGS = NO;
				SWIFT_VERSION = 5.0;
				TARGETED_DEVICE_FAMILY = "1,2";
				TEST_TARGET_NAME = Flix1;
			};
			name = Debug;
		};
		BFFDD40C27CCEFF500A66A20 /* Release */ = {
			isa = XCBuildConfiguration;
			buildSettings = {
				ALWAYS_EMBED_SWIFT_STANDARD_LIBRARIES = YES;
				CODE_SIGN_STYLE = Automatic;
				CURRENT_PROJECT_VERSION = 1;
				DEVELOPMENT_TEAM = B27JB66XY2;
				GENERATE_INFOPLIST_FILE = YES;
				MARKETING_VERSION = 1.0;
				PRODUCT_BUNDLE_IDENTIFIER = com.clements.Flix1UITests;
				PRODUCT_NAME = "$(TARGET_NAME)";
				SWIFT_EMIT_LOC_STRINGS = NO;
				SWIFT_VERSION = 5.0;
				TARGETED_DEVICE_FAMILY = "1,2";
				TEST_TARGET_NAME = Flix1;
			};
			name = Release;
		};
/* End XCBuildConfiguration section */

/* Begin XCConfigurationList section */
		BFFDD3D527CCEFF200A66A20 /* Build configuration list for PBXProject "Flix1" */ = {
			isa = XCConfigurationList;
			buildConfigurations = (
				BFFDD40227CCEFF500A66A20 /* Debug */,
				BFFDD40327CCEFF500A66A20 /* Release */,
			);
			defaultConfigurationIsVisible = 0;
			defaultConfigurationName = Release;
		};
		BFFDD40427CCEFF500A66A20 /* Build configuration list for PBXNativeTarget "Flix1" */ = {
			isa = XCConfigurationList;
			buildConfigurations = (
				BFFDD40527CCEFF500A66A20 /* Debug */,
				BFFDD40627CCEFF500A66A20 /* Release */,
			);
			defaultConfigurationIsVisible = 0;
			defaultConfigurationName = Release;
		};
		BFFDD40727CCEFF500A66A20 /* Build configuration list for PBXNativeTarget "Flix1Tests" */ = {
			isa = XCConfigurationList;
			buildConfigurations = (
				BFFDD40827CCEFF500A66A20 /* Debug */,
				BFFDD40927CCEFF500A66A20 /* Release */,
			);
			defaultConfigurationIsVisible = 0;
			defaultConfigurationName = Release;
		};
		BFFDD40A27CCEFF500A66A20 /* Build configuration list for PBXNativeTarget "Flix1UITests" */ = {
			isa = XCConfigurationList;
			buildConfigurations = (
				BFFDD40B27CCEFF500A66A20 /* Debug */,
				BFFDD40C27CCEFF500A66A20 /* Release */,
			);
			defaultConfigurationIsVisible = 0;
			defaultConfigurationName = Release;
		};
/* End XCConfigurationList section */

/* Begin XCRemoteSwiftPackageReference section */
		BFFDD41327CD913A00A66A20 /* XCRemoteSwiftPackageReference "AlamofireImage" */ = {
			isa = XCRemoteSwiftPackageReference;
			repositoryURL = "https://github.com/Alamofire/AlamofireImage";
			requirement = {
				kind = upToNextMajorVersion;
				minimumVersion = 4.0.0;
			};
		};
/* End XCRemoteSwiftPackageReference section */

/* Begin XCSwiftPackageProductDependency section */
		BFFDD41427CD913A00A66A20 /* AlamofireImage */ = {
			isa = XCSwiftPackageProductDependency;
			package = BFFDD41327CD913A00A66A20 /* XCRemoteSwiftPackageReference "AlamofireImage" */;
			productName = AlamofireImage;
		};
/* End XCSwiftPackageProductDependency section */
	};
	rootObject = BFFDD3D227CCEFF200A66A20 /* Project object */;
}
